// !$*UTF8*$!
{
	archiveVersion = 1;
	classes = {
	};
	objectVersion = 46;
	objects = {

/* Begin PBXBuildFile section */
		3561E3DC1AA132AA00ED13B9 /* AppDelegate.swift in Sources */ = {isa = PBXBuildFile; fileRef = 3561E3DB1AA132AA00ED13B9 /* AppDelegate.swift */; };
		3561E3DE1AA132AA00ED13B9 /* ViewController.swift in Sources */ = {isa = PBXBuildFile; fileRef = 3561E3DD1AA132AA00ED13B9 /* ViewController.swift */; };
		3561E3E11AA132AA00ED13B9 /* Main.storyboard in Resources */ = {isa = PBXBuildFile; fileRef = 3561E3DF1AA132AA00ED13B9 /* Main.storyboard */; };
		3561E3E31AA132AA00ED13B9 /* Images.xcassets in Resources */ = {isa = PBXBuildFile; fileRef = 3561E3E21AA132AA00ED13B9 /* Images.xcassets */; };
		3561E3E61AA132AA00ED13B9 /* LaunchScreen.xib in Resources */ = {isa = PBXBuildFile; fileRef = 3561E3E41AA132AA00ED13B9 /* LaunchScreen.xib */; };
		3561E3F21AA132AA00ED13B9 /* lendVenmoTests.swift in Sources */ = {isa = PBXBuildFile; fileRef = 3561E3F11AA132AA00ED13B9 /* lendVenmoTests.swift */; };
/* End PBXBuildFile section */

/* Begin PBXContainerItemProxy section */
		3561E3EC1AA132AA00ED13B9 /* PBXContainerItemProxy */ = {
			isa = PBXContainerItemProxy;
			containerPortal = 3561E3CE1AA132AA00ED13B9 /* Project object */;
			proxyType = 1;
			remoteGlobalIDString = 3561E3D51AA132AA00ED13B9;
			remoteInfo = lendVenmo;
		};
/* End PBXContainerItemProxy section */

/* Begin PBXFileReference section */
		3561E3D61AA132AA00ED13B9 /* lendVenmo.app */ = {isa = PBXFileReference; explicitFileType = wrapper.application; includeInIndex = 0; path = lendVenmo.app; sourceTree = BUILT_PRODUCTS_DIR; };
		3561E3DA1AA132AA00ED13B9 /* Info.plist */ = {isa = PBXFileReference; lastKnownFileType = text.plist.xml; path = Info.plist; sourceTree = "<group>"; };
		3561E3DB1AA132AA00ED13B9 /* AppDelegate.swift */ = {isa = PBXFileReference; lastKnownFileType = sourcecode.swift; path = AppDelegate.swift; sourceTree = "<group>"; };
		3561E3DD1AA132AA00ED13B9 /* ViewController.swift */ = {isa = PBXFileReference; lastKnownFileType = sourcecode.swift; path = ViewController.swift; sourceTree = "<group>"; };
		3561E3E01AA132AA00ED13B9 /* Base */ = {isa = PBXFileReference; lastKnownFileType = file.storyboard; name = Base; path = Base.lproj/Main.storyboard; sourceTree = "<group>"; };
		3561E3E21AA132AA00ED13B9 /* Images.xcassets */ = {isa = PBXFileReference; lastKnownFileType = folder.assetcatalog; path = Images.xcassets; sourceTree = "<group>"; };
		3561E3E51AA132AA00ED13B9 /* Base */ = {isa = PBXFileReference; lastKnownFileType = file.xib; name = Base; path = Base.lproj/LaunchScreen.xib; sourceTree = "<group>"; };
		3561E3EB1AA132AA00ED13B9 /* lendVenmoTests.xctest */ = {isa = PBXFileReference; explicitFileType = wrapper.cfbundle; includeInIndex = 0; path = lendVenmoTests.xctest; sourceTree = BUILT_PRODUCTS_DIR; };
		3561E3F01AA132AA00ED13B9 /* Info.plist */ = {isa = PBXFileReference; lastKnownFileType = text.plist.xml; path = Info.plist; sourceTree = "<group>"; };
		3561E3F11AA132AA00ED13B9 /* lendVenmoTests.swift */ = {isa = PBXFileReference; lastKnownFileType = sourcecode.swift; path = lendVenmoTests.swift; sourceTree = "<group>"; };
/* End PBXFileReference section */

/* Begin PBXFrameworksBuildPhase section */
		3561E3D31AA132AA00ED13B9 /* Frameworks */ = {
			isa = PBXFrameworksBuildPhase;
			buildActionMask = 2147483647;
			files = (
			);
			runOnlyForDeploymentPostprocessing = 0;
		};
		3561E3E81AA132AA00ED13B9 /* Frameworks */ = {
			isa = PBXFrameworksBuildPhase;
			buildActionMask = 2147483647;
			files = (
			);
			runOnlyForDeploymentPostprocessing = 0;
		};
/* End PBXFrameworksBuildPhase section */

/* Begin PBXGroup section */
		3561E3CD1AA132AA00ED13B9 = {
			isa = PBXGroup;
			children = (
				3561E3D81AA132AA00ED13B9 /* lendVenmo */,
				3561E3EE1AA132AA00ED13B9 /* lendVenmoTests */,
				3561E3D71AA132AA00ED13B9 /* Products */,
			);
			sourceTree = "<group>";
		};
		3561E3D71AA132AA00ED13B9 /* Products */ = {
			isa = PBXGroup;
			children = (
				3561E3D61AA132AA00ED13B9 /* lendVenmo.app */,
				3561E3EB1AA132AA00ED13B9 /* lendVenmoTests.xctest */,
			);
			name = Products;
			sourceTree = "<group>";
		};
		3561E3D81AA132AA00ED13B9 /* lendVenmo */ = {
			isa = PBXGroup;
			children = (
				3561E3DB1AA132AA00ED13B9 /* AppDelegate.swift */,
				3561E3DD1AA132AA00ED13B9 /* ViewController.swift */,
				3561E3DF1AA132AA00ED13B9 /* Main.storyboard */,
				3561E3E21AA132AA00ED13B9 /* Images.xcassets */,
				3561E3E41AA132AA00ED13B9 /* LaunchScreen.xib */,
				3561E3D91AA132AA00ED13B9 /* Supporting Files */,
			);
			path = lendVenmo;
			sourceTree = "<group>";
		};
		3561E3D91AA132AA00ED13B9 /* Supporting Files */ = {
			isa = PBXGroup;
			children = (
				3561E3DA1AA132AA00ED13B9 /* Info.plist */,
			);
			name = "Supporting Files";
			sourceTree = "<group>";
		};
		3561E3EE1AA132AA00ED13B9 /* lendVenmoTests */ = {
			isa = PBXGroup;
			children = (
				3561E3F11AA132AA00ED13B9 /* lendVenmoTests.swift */,
				3561E3EF1AA132AA00ED13B9 /* Supporting Files */,
			);
			path = lendVenmoTests;
			sourceTree = "<group>";
		};
		3561E3EF1AA132AA00ED13B9 /* Supporting Files */ = {
			isa = PBXGroup;
			children = (
				3561E3F01AA132AA00ED13B9 /* Info.plist */,
			);
			name = "Supporting Files";
			sourceTree = "<group>";
		};
/* End PBXGroup section */

/* Begin PBXNativeTarget section */
		3561E3D51AA132AA00ED13B9 /* lendVenmo */ = {
			isa = PBXNativeTarget;
			buildConfigurationList = 3561E3F51AA132AA00ED13B9 /* Build configuration list for PBXNativeTarget "lendVenmo" */;
			buildPhases = (
				3561E3D21AA132AA00ED13B9 /* Sources */,
				3561E3D31AA132AA00ED13B9 /* Frameworks */,
				3561E3D41AA132AA00ED13B9 /* Resources */,
			);
			buildRules = (
			);
			dependencies = (
			);
			name = lendVenmo;
			productName = lendVenmo;
			productReference = 3561E3D61AA132AA00ED13B9 /* lendVenmo.app */;
			productType = "com.apple.product-type.application";
		};
		3561E3EA1AA132AA00ED13B9 /* lendVenmoTests */ = {
			isa = PBXNativeTarget;
			buildConfigurationList = 3561E3F81AA132AA00ED13B9 /* Build configuration list for PBXNativeTarget "lendVenmoTests" */;
			buildPhases = (
				3561E3E71AA132AA00ED13B9 /* Sources */,
				3561E3E81AA132AA00ED13B9 /* Frameworks */,
				3561E3E91AA132AA00ED13B9 /* Resources */,
			);
			buildRules = (
			);
			dependencies = (
				3561E3ED1AA132AA00ED13B9 /* PBXTargetDependency */,
			);
			name = lendVenmoTests;
			productName = lendVenmoTests;
			productReference = 3561E3EB1AA132AA00ED13B9 /* lendVenmoTests.xctest */;
			productType = "com.apple.product-type.bundle.unit-test";
		};
/* End PBXNativeTarget section */

/* Begin PBXProject section */
		3561E3CE1AA132AA00ED13B9 /* Project object */ = {
			isa = PBXProject;
			attributes = {
				LastUpgradeCheck = 0610;
				ORGANIZATIONNAME = makr.space;
				TargetAttributes = {
					3561E3D51AA132AA00ED13B9 = {
						CreatedOnToolsVersion = 6.1.1;
					};
					3561E3EA1AA132AA00ED13B9 = {
						CreatedOnToolsVersion = 6.1.1;
						TestTargetID = 3561E3D51AA132AA00ED13B9;
					};
				};
			};
			buildConfigurationList = 3561E3D11AA132AA00ED13B9 /* Build configuration list for PBXProject "lendVenmo" */;
			compatibilityVersion = "Xcode 3.2";
			developmentRegion = English;
			hasScannedForEncodings = 0;
			knownRegions = (
				en,
				Base,
			);
			mainGroup = 3561E3CD1AA132AA00ED13B9;
			productRefGroup = 3561E3D71AA132AA00ED13B9 /* Products */;
			projectDirPath = "";
			projectRoot = "";
			targets = (
				3561E3D51AA132AA00ED13B9 /* lendVenmo */,
				3561E3EA1AA132AA00ED13B9 /* lendVenmoTests */,
			);
		};
/* End PBXProject section */

/* Begin PBXResourcesBuildPhase section */
		3561E3D41AA132AA00ED13B9 /* Resources */ = {
			isa = PBXResourcesBuildPhase;
			buildActionMask = 2147483647;
			files = (
				3561E3E11AA132AA00ED13B9 /* Main.storyboard in Resources */,
				3561E3E61AA132AA00ED13B9 /* LaunchScreen.xib in Resources */,
				3561E3E31AA132AA00ED13B9 /* Images.xcassets in Resources */,
			);
			runOnlyForDeploymentPostprocessing = 0;
		};
		3561E3E91AA132AA00ED13B9 /* Resources */ = {
			isa = PBXResourcesBuildPhase;
			buildActionMask = 2147483647;
			files = (
			);
			runOnlyForDeploymentPostprocessing = 0;
		};
/* End PBXResourcesBuildPhase section */

/* Begin PBXSourcesBuildPhase section */
		3561E3D21AA132AA00ED13B9 /* Sources */ = {
			isa = PBXSourcesBuildPhase;
			buildActionMask = 2147483647;
			files = (
				3561E3DE1AA132AA00ED13B9 /* ViewController.swift in Sources */,
				3561E3DC1AA132AA00ED13B9 /* AppDelegate.swift in Sources */,
			);
			runOnlyForDeploymentPostprocessing = 0;
		};
		3561E3E71AA132AA00ED13B9 /* Sources */ = {
			isa = PBXSourcesBuildPhase;
			buildActionMask = 2147483647;
			files = (
				3561E3F21AA132AA00ED13B9 /* lendVenmoTests.swift in Sources */,
			);
			runOnlyForDeploymentPostprocessing = 0;
		};
/* End PBXSourcesBuildPhase section */

/* Begin PBXTargetDependency section */
		3561E3ED1AA132AA00ED13B9 /* PBXTargetDependency */ = {
			isa = PBXTargetDependency;
			target = 3561E3D51AA132AA00ED13B9 /* lendVenmo */;
			targetProxy = 3561E3EC1AA132AA00ED13B9 /* PBXContainerItemProxy */;
		};
/* End PBXTargetDependency section */

/* Begin PBXVariantGroup section */
		3561E3DF1AA132AA00ED13B9 /* Main.storyboard */ = {
			isa = PBXVariantGroup;
			children = (
				3561E3E01AA132AA00ED13B9 /* Base */,
			);
			name = Main.storyboard;
			sourceTree = "<group>";
		};
		3561E3E41AA132AA00ED13B9 /* LaunchScreen.xib */ = {
			isa = PBXVariantGroup;
			children = (
				3561E3E51AA132AA00ED13B9 /* Base */,
			);
			name = LaunchScreen.xib;
			sourceTree = "<group>";
		};
/* End PBXVariantGroup section */

/* Begin XCBuildConfiguration section */
		3561E3F31AA132AA00ED13B9 /* Debug */ = {
			isa = XCBuildConfiguration;
			buildSettings = {
				ALWAYS_SEARCH_USER_PATHS = NO;
				CLANG_CXX_LANGUAGE_STANDARD = "gnu++0x";
				CLANG_CXX_LIBRARY = "libc++";
				CLANG_ENABLE_MODULES = YES;
				CLANG_ENABLE_OBJC_ARC = YES;
				CLANG_WARN_BOOL_CONVERSION = YES;
				CLANG_WARN_CONSTANT_CONVERSION = YES;
				CLANG_WARN_DIRECT_OBJC_ISA_USAGE = YES_ERROR;
				CLANG_WARN_EMPTY_BODY = YES;
				CLANG_WARN_ENUM_CONVERSION = YES;
				CLANG_WARN_INT_CONVERSION = YES;
				CLANG_WARN_OBJC_ROOT_CLASS = YES_ERROR;
				CLANG_WARN_UNREACHABLE_CODE = YES;
				CLANG_WARN__DUPLICATE_METHOD_MATCH = YES;
				"CODE_SIGN_IDENTITY[sdk=iphoneos*]" = "iPhone Developer";
				COPY_PHASE_STRIP = NO;
				ENABLE_STRICT_OBJC_MSGSEND = YES;
				GCC_C_LANGUAGE_STANDARD = gnu99;
				GCC_DYNAMIC_NO_PIC = NO;
				GCC_OPTIMIZATION_LEVEL = 0;
				GCC_PREPROCESSOR_DEFINITIONS = (
					"DEBUG=1",
					"$(inherited)",
				);
				GCC_SYMBOLS_PRIVATE_EXTERN = NO;
				GCC_WARN_64_TO_32_BIT_CONVERSION = YES;
				GCC_WARN_ABOUT_RETURN_TYPE = YES_ERROR;
				GCC_WARN_UNDECLARED_SELECTOR = YES;
				GCC_WARN_UNINITIALIZED_AUTOS = YES_AGGRESSIVE;
				GCC_WARN_UNUSED_FUNCTION = YES;
				GCC_WARN_UNUSED_VARIABLE = YES;
				IPHONEOS_DEPLOYMENT_TARGET = 8.1;
				MTL_ENABLE_DEBUG_INFO = YES;
				ONLY_ACTIVE_ARCH = YES;
				SDKROOT = iphoneos;
				SWIFT_OPTIMIZATION_LEVEL = "-Onone";
			};
			name = Debug;
		};
		3561E3F41AA132AA00ED13B9 /* Release */ = {
			isa = XCBuildConfiguration;
			buildSettings = {
				ALWAYS_SEARCH_USER_PATHS = NO;
				CLANG_CXX_LANGUAGE_STANDARD = "gnu++0x";
				CLANG_CXX_LIBRARY = "libc++";
				CLANG_ENABLE_MODULES = YES;
				CLANG_ENABLE_OBJC_ARC = YES;
				CLANG_WARN_BOOL_CONVERSION = YES;
				CLANG_WARN_CONSTANT_CONVERSION = YES;
				CLANG_WARN_DIRECT_OBJC_ISA_USAGE = YES_ERROR;
				CLANG_WARN_EMPTY_BODY = YES;
				CLANG_WARN_ENUM_CONVERSION = YES;
				CLANG_WARN_INT_CONVERSION = YES;
				CLANG_WARN_OBJC_ROOT_CLASS = YES_ERROR;
				CLANG_WARN_UNREACHABLE_CODE = YES;
				CLANG_WARN__DUPLICATE_METHOD_MATCH = YES;
				"CODE_SIGN_IDENTITY[sdk=iphoneos*]" = "iPhone Developer";
				COPY_PHASE_STRIP = YES;
				ENABLE_NS_ASSERTIONS = NO;
				ENABLE_STRICT_OBJC_MSGSEND = YES;
				GCC_C_LANGUAGE_STANDARD = gnu99;
				GCC_WARN_64_TO_32_BIT_CONVERSION = YES;
				GCC_WARN_ABOUT_RETURN_TYPE = YES_ERROR;
				GCC_WARN_UNDECLARED_SELECTOR = YES;
				GCC_WARN_UNINITIALIZED_AUTOS = YES_AGGRESSIVE;
				GCC_WARN_UNUSED_FUNCTION = YES;
				GCC_WARN_UNUSED_VARIABLE = YES;
				IPHONEOS_DEPLOYMENT_TARGET = 8.1;
				MTL_ENABLE_DEBUG_INFO = NO;
				SDKROOT = iphoneos;
				VALIDATE_PRODUCT = YES;
			};
			name = Release;
		};
		3561E3F61AA132AA00ED13B9 /* Debug */ = {
			isa = XCBuildConfiguration;
			buildSettings = {
				ASSETCATALOG_COMPILER_APPICON_NAME = AppIcon;
				INFOPLIST_FILE = lendVenmo/Info.plist;
				LD_RUNPATH_SEARCH_PATHS = "$(inherited) @executable_path/Frameworks";
				PRODUCT_NAME = "$(TARGET_NAME)";
			};
			name = Debug;
		};
		3561E3F71AA132AA00ED13B9 /* Release */ = {
			isa = XCBuildConfiguration;
			buildSettings = {
				ASSETCATALOG_COMPILER_APPICON_NAME = AppIcon;
				INFOPLIST_FILE = lendVenmo/Info.plist;
				LD_RUNPATH_SEARCH_PATHS = "$(inherited) @executable_path/Frameworks";
				PRODUCT_NAME = "$(TARGET_NAME)";
			};
			name = Release;
		};
		3561E3F91AA132AA00ED13B9 /* Debug */ = {
			isa = XCBuildConfiguration;
			buildSettings = {
				BUNDLE_LOADER = "$(TEST_HOST)";
				FRAMEWORK_SEARCH_PATHS = (
					"$(SDKROOT)/Developer/Library/Frameworks",
					"$(inherited)",
				);
				GCC_PREPROCESSOR_DEFINITIONS = (
					"DEBUG=1",
					"$(inherited)",
				);
				INFOPLIST_FILE = lendVenmoTests/Info.plist;
				LD_RUNPATH_SEARCH_PATHS = "$(inherited) @executable_path/Frameworks @loader_path/Frameworks";
				PRODUCT_NAME = "$(TARGET_NAME)";
				TEST_HOST = "$(BUILT_PRODUCTS_DIR)/lendVenmo.app/lendVenmo";
			};
			name = Debug;
		};
		3561E3FA1AA132AA00ED13B9 /* Release */ = {
			isa = XCBuildConfiguration;
			buildSettings = {
				BUNDLE_LOADER = "$(TEST_HOST)";
				FRAMEWORK_SEARCH_PATHS = (
					"$(SDKROOT)/Developer/Library/Frameworks",
					"$(inherited)",
				);
				INFOPLIST_FILE = lendVenmoTests/Info.plist;
				LD_RUNPATH_SEARCH_PATHS = "$(inherited) @executable_path/Frameworks @loader_path/Frameworks";
				PRODUCT_NAME = "$(TARGET_NAME)";
				TEST_HOST = "$(BUILT_PRODUCTS_DIR)/lendVenmo.app/lendVenmo";
			};
			name = Release;
		};
/* End XCBuildConfiguration section */

/* Begin XCConfigurationList section */
		3561E3D11AA132AA00ED13B9 /* Build configuration list for PBXProject "lendVenmo" */ = {
			isa = XCConfigurationList;
			buildConfigurations = (
				3561E3F31AA132AA00ED13B9 /* Debug */,
				3561E3F41AA132AA00ED13B9 /* Release */,
			);
			defaultConfigurationIsVisible = 0;
			defaultConfigurationName = Release;
		};
		3561E3F51AA132AA00ED13B9 /* Build configuration list for PBXNativeTarget "lendVenmo" */ = {
			isa = XCConfigurationList;
			buildConfigurations = (
				3561E3F61AA132AA00ED13B9 /* Debug */,
				3561E3F71AA132AA00ED13B9 /* Release */,
			);
			defaultConfigurationIsVisible = 0;
		};
		3561E3F81AA132AA00ED13B9 /* Build configuration list for PBXNativeTarget "lendVenmoTests" */ = {
			isa = XCConfigurationList;
			buildConfigurations = (
				3561E3F91AA132AA00ED13B9 /* Debug */,
				3561E3FA1AA132AA00ED13B9 /* Release */,
			);
			defaultConfigurationIsVisible = 0;
		};
/* End XCConfigurationList section */
	};
	rootObject = 3561E3CE1AA132AA00ED13B9 /* Project object */;
}
